
Microsoft Visual Studio Solution File, Format Version 12.00
# Visual Studio 15
VisualStudioVersion = 15.0.27130.2036
MinimumVisualStudioVersion = 10.0.40219.1
Project("{FAE04EC0-301F-11D3-BF4B-00C04F79EFBC}") = "Friss.Domain", "Friss.Domain\Friss.Domain.csproj", "{1CD236C5-68BE-4F89-A13F-5334BD419EA4}"
EndProject
Project("{FAE04EC0-301F-11D3-BF4B-00C04F79EFBC}") = "Friss.Infrastructure", "Friss.Infrastructure\Friss.Infrastructure.csproj", "{93A85635-7F93-4A44-8639-70AC43B90744}"
EndProject
Project("{FAE04EC0-301F-11D3-BF4B-00C04F79EFBC}") = "Friss.Application", "Friss.Application\Friss.Application.csproj", "{80107B72-EE9B-4BF3-ADB1-CD75C80EEB58}"
EndProject
Project("{FAE04EC0-301F-11D3-BF4B-00C04F79EFBC}") = "Friss.Presentation", "Friss.Presentation\Friss.Presentation.csproj", "{9C84C9F6-461A-402A-9557-A95C1B3D3AFC}"
EndProject
Project("{2150E333-8FDC-42A3-9474-1A3956D46DE8}") = "Tests", "Tests", "{42075E6B-1CEB-4497-A3C6-401C0BCE9D57}"
EndProject
Project("{2150E333-8FDC-42A3-9474-1A3956D46DE8}") = "IntegrationTests", "IntegrationTests", "{55FF7CB2-77F2-410D-92EF-1F48F4F457C2}"
EndProject
Project("{FAE04EC0-301F-11D3-BF4B-00C04F79EFBC}") = "Friss.IntegrationTests.WebAPI", "Friss.IntegrationTests.WebAPI\Friss.IntegrationTests.WebAPI.csproj", "{681CF84E-6A96-4B7B-876C-0912044ADFA4}"
EndProject
Global
	GlobalSection(SolutionConfigurationPlatforms) = preSolution
		Debug|Any CPU = Debug|Any CPU
		Release|Any CPU = Release|Any CPU
	EndGlobalSection
	GlobalSection(ProjectConfigurationPlatforms) = postSolution
		{1CD236C5-68BE-4F89-A13F-5334BD419EA4}.Debug|Any CPU.ActiveCfg = Debug|Any CPU
		{1CD236C5-68BE-4F89-A13F-5334BD419EA4}.Debug|Any CPU.Build.0 = Debug|Any CPU
		{1CD236C5-68BE-4F89-A13F-5334BD419EA4}.Release|Any CPU.ActiveCfg = Release|Any CPU
		{1CD236C5-68BE-4F89-A13F-5334BD419EA4}.Release|Any CPU.Build.0 = Release|Any CPU
		{93A85635-7F93-4A44-8639-70AC43B90744}.Debug|Any CPU.ActiveCfg = Debug|Any CPU
		{93A85635-7F93-4A44-8639-70AC43B90744}.Debug|Any CPU.Build.0 = Debug|Any CPU
		{93A85635-7F93-4A44-8639-70AC43B90744}.Release|Any CPU.ActiveCfg = Release|Any CPU
		{93A85635-7F93-4A44-8639-70AC43B90744}.Release|Any CPU.Build.0 = Release|Any CPU
		{80107B72-EE9B-4BF3-ADB1-CD75C80EEB58}.Debug|Any CPU.ActiveCfg = Debug|Any CPU
		{80107B72-EE9B-4BF3-ADB1-CD75C80EEB58}.Debug|Any CPU.Build.0 = Debug|Any CPU
		{80107B72-EE9B-4BF3-ADB1-CD75C80EEB58}.Release|Any CPU.ActiveCfg = Release|Any CPU
		{80107B72-EE9B-4BF3-ADB1-CD75C80EEB58}.Release|Any CPU.Build.0 = Release|Any CPU
		{9C84C9F6-461A-402A-9557-A95C1B3D3AFC}.Debug|Any CPU.ActiveCfg = Debug|Any CPU
		{9C84C9F6-461A-402A-9557-A95C1B3D3AFC}.Debug|Any CPU.Build.0 = Debug|Any CPU
		{9C84C9F6-461A-402A-9557-A95C1B3D3AFC}.Release|Any CPU.ActiveCfg = Release|Any CPU
		{9C84C9F6-461A-402A-9557-A95C1B3D3AFC}.Release|Any CPU.Build.0 = Release|Any CPU
		{681CF84E-6A96-4B7B-876C-0912044ADFA4}.Debug|Any CPU.ActiveCfg = Debug|Any CPU
		{681CF84E-6A96-4B7B-876C-0912044ADFA4}.Debug|Any CPU.Build.0 = Debug|Any CPU
		{681CF84E-6A96-4B7B-876C-0912044ADFA4}.Release|Any CPU.ActiveCfg = Release|Any CPU
		{681CF84E-6A96-4B7B-876C-0912044ADFA4}.Release|Any CPU.Build.0 = Release|Any CPU
	EndGlobalSection
	GlobalSection(SolutionProperties) = preSolution
		HideSolutionNode = FALSE
	EndGlobalSection
	GlobalSection(NestedProjects) = preSolution
		{55FF7CB2-77F2-410D-92EF-1F48F4F457C2} = {42075E6B-1CEB-4497-A3C6-401C0BCE9D57}
		{681CF84E-6A96-4B7B-876C-0912044ADFA4} = {55FF7CB2-77F2-410D-92EF-1F48F4F457C2}
	EndGlobalSection
	GlobalSection(ExtensibilityGlobals) = postSolution
		SolutionGuid = {0D67B8E2-9374-41F5-8307-B3A4B793B972}
	EndGlobalSection
EndGlobal
